
Microsoft Visual Studio Solution File, Format Version 12.00
# Visual Studio Version 16
VisualStudioVersion = 16.0.29509.3
MinimumVisualStudioVersion = 10.0.40219.1
Project("{FAE04EC0-301F-11D3-BF4B-00C04F79EFBC}") = "PricingOptions", "PricingOptions\PricingOptions.csproj", "{1FE176C3-3F4A-4E71-9408-97FEB34D167C}"
EndProject
Global
	GlobalSection(SolutionConfigurationPlatforms) = preSolution
		Debug|Any CPU = Debug|Any CPU
		Release|Any CPU = Release|Any CPU
	EndGlobalSection
	GlobalSection(ProjectConfigurationPlatforms) = postSolution
		{1FE176C3-3F4A-4E71-9408-97FEB34D167C}.Debug|Any CPU.ActiveCfg = Debug|Any CPU
		{1FE176C3-3F4A-4E71-9408-97FEB34D167C}.Debug|Any CPU.Build.0 = Debug|Any CPU
		{1FE176C3-3F4A-4E71-9408-97FEB34D167C}.Release|Any CPU.ActiveCfg = Release|Any CPU
		{1FE176C3-3F4A-4E71-9408-97FEB34D167C}.Release|Any CPU.Build.0 = Release|Any CPU
	EndGlobalSection
	GlobalSection(SolutionProperties) = preSolution
		HideSolutionNode = FALSE
	EndGlobalSection
	GlobalSection(ExtensibilityGlobals) = postSolution
		SolutionGuid = {3D643334-E3D7-47C9-B663-04BB3FE06D10}
	EndGlobalSection
EndGlobal
